
Microsoft Visual Studio Solution File, Format Version 12.00
# Visual Studio Version 17
VisualStudioVersion = 17.7.34031.279
MinimumVisualStudioVersion = 10.0.40219.1
Project("{2150E333-8FDC-42A3-9474-1A3956D46DE8}") = "src", "src", "{0CF6FBBF-C685-4EDC-B666-AC1334365C82}"
EndProject
Project("{9A19103F-16F7-4668-BE54-9A1E7A4F7556}") = "CrudApp.Core", "src\CrudApp.Core\CrudApp.Core.csproj", "{3E7966B4-B2A2-4CEF-A2D9-64E84E08703B}"
EndProject
Project("{FAE04EC0-301F-11D3-BF4B-00C04F79EFBC}") = "CrudApp.Api", "src\CrudApp.Api\CrudApp.Api.csproj", "{7D846CD3-636F-4CF7-9565-3ECC2787E68F}"
EndProject
Project("{FAE04EC0-301F-11D3-BF4B-00C04F79EFBC}") = "CrudApp.Persistence", "src\CrudApp.Persistence\CrudApp.Persistence.csproj", "{78780E72-F550-4A13-B0AE-3CD3611AD901}"
EndProject
Global
	GlobalSection(SolutionConfigurationPlatforms) = preSolution
		Debug|Any CPU = Debug|Any CPU
		Release|Any CPU = Release|Any CPU
	EndGlobalSection
	GlobalSection(ProjectConfigurationPlatforms) = postSolution
		{3E7966B4-B2A2-4CEF-A2D9-64E84E08703B}.Debug|Any CPU.ActiveCfg = Debug|Any CPU
		{3E7966B4-B2A2-4CEF-A2D9-64E84E08703B}.Debug|Any CPU.Build.0 = Debug|Any CPU
		{3E7966B4-B2A2-4CEF-A2D9-64E84E08703B}.Release|Any CPU.ActiveCfg = Release|Any CPU
		{3E7966B4-B2A2-4CEF-A2D9-64E84E08703B}.Release|Any CPU.Build.0 = Release|Any CPU
		{7D846CD3-636F-4CF7-9565-3ECC2787E68F}.Debug|Any CPU.ActiveCfg = Debug|Any CPU
		{7D846CD3-636F-4CF7-9565-3ECC2787E68F}.Debug|Any CPU.Build.0 = Debug|Any CPU
		{7D846CD3-636F-4CF7-9565-3ECC2787E68F}.Release|Any CPU.ActiveCfg = Release|Any CPU
		{7D846CD3-636F-4CF7-9565-3ECC2787E68F}.Release|Any CPU.Build.0 = Release|Any CPU
		{78780E72-F550-4A13-B0AE-3CD3611AD901}.Debug|Any CPU.ActiveCfg = Debug|Any CPU
		{78780E72-F550-4A13-B0AE-3CD3611AD901}.Debug|Any CPU.Build.0 = Debug|Any CPU
		{78780E72-F550-4A13-B0AE-3CD3611AD901}.Release|Any CPU.ActiveCfg = Release|Any CPU
		{78780E72-F550-4A13-B0AE-3CD3611AD901}.Release|Any CPU.Build.0 = Release|Any CPU
	EndGlobalSection
	GlobalSection(SolutionProperties) = preSolution
		HideSolutionNode = FALSE
	EndGlobalSection
	GlobalSection(NestedProjects) = preSolution
		{3E7966B4-B2A2-4CEF-A2D9-64E84E08703B} = {0CF6FBBF-C685-4EDC-B666-AC1334365C82}
		{7D846CD3-636F-4CF7-9565-3ECC2787E68F} = {0CF6FBBF-C685-4EDC-B666-AC1334365C82}
		{78780E72-F550-4A13-B0AE-3CD3611AD901} = {0CF6FBBF-C685-4EDC-B666-AC1334365C82}
	EndGlobalSection
	GlobalSection(ExtensibilityGlobals) = postSolution
		SolutionGuid = {7EFC7C29-2C15-4D2B-A713-D12E753A9EFC}
	EndGlobalSection
EndGlobal
